{
  "requires": true,
  "lockfileVersion": 1,
  "dependencies": {
    "react-native-pdf-thumbnail": {
      "version": "1.0.2",
      "resolved": "https://registry.npmjs.org/react-native-pdf-thumbnail/-/react-native-pdf-thumbnail-1.0.2.tgz",
      "integrity": "sha512-cgc0eeFJ8jF7Qd6mmPc+6zggqeWuW1a6nwR1s6ocp/H8EYG40wo/aU3PBPpgma2deuBokh/DJD5NrlbmPN3+lw=="
    }
  }
}
